
Microsoft Visual Studio Solution File, Format Version 12.00
# Visual Studio Version 17
VisualStudioVersion = 17.0.32014.148
MinimumVisualStudioVersion = 10.0.40219.1
Project("{9A19103F-16F7-4668-BE54-9A1E7A4F7556}") = "BPlusTree.Tests", "BPlusTree.Tests\BPlusTree.Tests.csproj", "{14A11FD3-0AAB-4BBA-BB4D-50A4B0A0A74F}"
EndProject
Project("{FAE04EC0-301F-11D3-BF4B-00C04F79EFBC}") = "BPlusTree", "BPlusTree\BPlusTree.csproj", "{F79D1613-0237-4589-9511-DDC6AA507F54}"
EndProject
Project("{FAE04EC0-301F-11D3-BF4B-00C04F79EFBC}") = "BPlusTree.Benchmarks", "BPlusTree.Benchmarks\BPlusTree.Benchmarks.csproj", "{E64C4A01-77BC-42CC-8592-AB9E2023B4EF}"
EndProject
Global
	GlobalSection(SolutionConfigurationPlatforms) = preSolution
		Debug|Any CPU = Debug|Any CPU
		Release|Any CPU = Release|Any CPU
	EndGlobalSection
	GlobalSection(ProjectConfigurationPlatforms) = postSolution
		{14A11FD3-0AAB-4BBA-BB4D-50A4B0A0A74F}.Debug|Any CPU.ActiveCfg = Debug|Any CPU
		{14A11FD3-0AAB-4BBA-BB4D-50A4B0A0A74F}.Debug|Any CPU.Build.0 = Debug|Any CPU
		{14A11FD3-0AAB-4BBA-BB4D-50A4B0A0A74F}.Release|Any CPU.ActiveCfg = Release|Any CPU
		{14A11FD3-0AAB-4BBA-BB4D-50A4B0A0A74F}.Release|Any CPU.Build.0 = Release|Any CPU
		{F79D1613-0237-4589-9511-DDC6AA507F54}.Debug|Any CPU.ActiveCfg = Debug|Any CPU
		{F79D1613-0237-4589-9511-DDC6AA507F54}.Debug|Any CPU.Build.0 = Debug|Any CPU
		{F79D1613-0237-4589-9511-DDC6AA507F54}.Release|Any CPU.ActiveCfg = Release|Any CPU
		{F79D1613-0237-4589-9511-DDC6AA507F54}.Release|Any CPU.Build.0 = Release|Any CPU
		{E64C4A01-77BC-42CC-8592-AB9E2023B4EF}.Debug|Any CPU.ActiveCfg = Debug|Any CPU
		{E64C4A01-77BC-42CC-8592-AB9E2023B4EF}.Debug|Any CPU.Build.0 = Debug|Any CPU
		{E64C4A01-77BC-42CC-8592-AB9E2023B4EF}.Release|Any CPU.ActiveCfg = Release|Any CPU
		{E64C4A01-77BC-42CC-8592-AB9E2023B4EF}.Release|Any CPU.Build.0 = Release|Any CPU
	EndGlobalSection
	GlobalSection(SolutionProperties) = preSolution
		HideSolutionNode = FALSE
	EndGlobalSection
	GlobalSection(ExtensibilityGlobals) = postSolution
		SolutionGuid = {0A5278E9-FFBD-4F71-997B-705AD8882FA4}
	EndGlobalSection
EndGlobal
