
Microsoft Visual Studio Solution File, Format Version 12.00
# Visual Studio Version 17
VisualStudioVersion = 17.4.33103.184
MinimumVisualStudioVersion = 10.0.40219.1
Project("{9A19103F-16F7-4668-BE54-9A1E7A4F7556}") = "BPlusTree", "BPlusTree\BPlusTree.csproj", "{3E32DF4A-04E2-443E-9DF3-D6F44BD93012}"
EndProject
Project("{FAE04EC0-301F-11D3-BF4B-00C04F79EFBC}") = "BPlusTree.Tests", "BPlusTree.Tests\BPlusTree.Tests.csproj", "{460F0F3F-F7C9-40EA-A16B-33979E978FA6}"
EndProject
Global
	GlobalSection(SolutionConfigurationPlatforms) = preSolution
		Debug|Any CPU = Debug|Any CPU
		Release|Any CPU = Release|Any CPU
	EndGlobalSection
	GlobalSection(ProjectConfigurationPlatforms) = postSolution
		{3E32DF4A-04E2-443E-9DF3-D6F44BD93012}.Debug|Any CPU.ActiveCfg = Debug|Any CPU
		{3E32DF4A-04E2-443E-9DF3-D6F44BD93012}.Debug|Any CPU.Build.0 = Debug|Any CPU
		{3E32DF4A-04E2-443E-9DF3-D6F44BD93012}.Release|Any CPU.ActiveCfg = Release|Any CPU
		{3E32DF4A-04E2-443E-9DF3-D6F44BD93012}.Release|Any CPU.Build.0 = Release|Any CPU
		{460F0F3F-F7C9-40EA-A16B-33979E978FA6}.Debug|Any CPU.ActiveCfg = Debug|Any CPU
		{460F0F3F-F7C9-40EA-A16B-33979E978FA6}.Debug|Any CPU.Build.0 = Debug|Any CPU
		{460F0F3F-F7C9-40EA-A16B-33979E978FA6}.Release|Any CPU.ActiveCfg = Release|Any CPU
		{460F0F3F-F7C9-40EA-A16B-33979E978FA6}.Release|Any CPU.Build.0 = Release|Any CPU
	EndGlobalSection
	GlobalSection(SolutionProperties) = preSolution
		HideSolutionNode = FALSE
	EndGlobalSection
	GlobalSection(ExtensibilityGlobals) = postSolution
		SolutionGuid = {B74D7BA5-8B67-4FB5-AA66-AF6EF529B0EF}
	EndGlobalSection
EndGlobal
